
Microsoft Visual Studio Solution File, Format Version 12.00
# Visual Studio 15
Project("{FAE04EC0-301F-11D3-BF4B-00C04F79EFBC}") = "UnityEngine.UI", "UnityEngine.UI.csproj", "{8E80B031-D492-B88D-4F68-2D426FBA5053}"
EndProject
Project("{FAE04EC0-301F-11D3-BF4B-00C04F79EFBC}") = "UnityEngine.TestRunner", "UnityEngine.TestRunner.csproj", "{6F567617-270D-2401-C313-6C8D31BCC1E3}"
EndProject
Project("{FAE04EC0-301F-11D3-BF4B-00C04F79EFBC}") = "Unity.Mathematics", "Unity.Mathematics.csproj", "{A1E8A5C0-1F45-17F2-F881-C1BD27FF412A}"
EndProject
Project("{FAE04EC0-301F-11D3-BF4B-00C04F79EFBC}") = "Unity.2D.Animation.Triangle.Runtime", "Unity.2D.Animation.Triangle.Runtime.csproj", "{24247C84-C793-9F8D-68FC-462DEA395524}"
EndProject
Project("{FAE04EC0-301F-11D3-BF4B-00C04F79EFBC}") = "Unity.Timeline", "Unity.Timeline.csproj", "{4C9220D1-CBDD-F28B-803F-76C377A010E7}"
EndProject
Project("{FAE04EC0-301F-11D3-BF4B-00C04F79EFBC}") = "Unity.TextMeshPro", "Unity.TextMeshPro.csproj", "{6C705FAE-8EA8-556B-880A-5E0DBD92145E}"
EndProject
Project("{FAE04EC0-301F-11D3-BF4B-00C04F79EFBC}") = "Unity.2D.Animation.Runtime", "Unity.2D.Animation.Runtime.csproj", "{27ED300B-AF51-B2AE-D6BE-473D29077804}"
EndProject
Project("{FAE04EC0-301F-11D3-BF4B-00C04F79EFBC}") = "Unity.2D.IK.Runtime", "Unity.2D.IK.Runtime.csproj", "{8FB4ECB2-79F4-16FD-29C7-4B2F43E2ABAD}"
EndProject
Project("{FAE04EC0-301F-11D3-BF4B-00C04F79EFBC}") = "Unity.2D.SpriteShape.Runtime", "Unity.2D.SpriteShape.Runtime.csproj", "{71DA4977-68AE-1E17-49A0-E0AB4FE009A6}"
EndProject
Project("{FAE04EC0-301F-11D3-BF4B-00C04F79EFBC}") = "Unity.2D.PixelPerfect", "Unity.2D.PixelPerfect.csproj", "{887AD15D-8B8C-7944-3568-BED1CD90117D}"
EndProject
Project("{FAE04EC0-301F-11D3-BF4B-00C04F79EFBC}") = "Unity.2D.Common.Runtime", "Unity.2D.Common.Runtime.csproj", "{0D5DF186-E962-479A-3182-D8E954DF2E6D}"
EndProject
Project("{FAE04EC0-301F-11D3-BF4B-00C04F79EFBC}") = "Unity.InternalAPIEngineBridge.001", "Unity.InternalAPIEngineBridge.001.csproj", "{E4B181F4-52CD-30B7-3028-F29CFAB59BB8}"
EndProject
Project("{FAE04EC0-301F-11D3-BF4B-00C04F79EFBC}") = "UnityEditor.TestRunner", "UnityEditor.TestRunner.csproj", "{230A9165-6F67-F266-0A1E-B0C01C306F3A}"
EndProject
Project("{FAE04EC0-301F-11D3-BF4B-00C04F79EFBC}") = "Unity.PlasticSCM.Editor", "Unity.PlasticSCM.Editor.csproj", "{F385E5B4-F6B6-3EF1-9BC4-E2A0238C03D8}"
EndProject
Project("{FAE04EC0-301F-11D3-BF4B-00C04F79EFBC}") = "UnityEditor.UI", "UnityEditor.UI.csproj", "{C155EAA6-6D9C-72F3-B1A4-DD460AA9D485}"
EndProject
Project("{FAE04EC0-301F-11D3-BF4B-00C04F79EFBC}") = "Unity.Services.Core.Editor", "Unity.Services.Core.Editor.csproj", "{55469850-A050-D5AB-AB63-FC8D3C16442F}"
EndProject
Project("{FAE04EC0-301F-11D3-BF4B-00C04F79EFBC}") = "Unity.Timeline.Editor", "Unity.Timeline.Editor.csproj", "{B706D10F-78A6-540C-30FA-7C63A6FB869F}"
EndProject
Project("{FAE04EC0-301F-11D3-BF4B-00C04F79EFBC}") = "Unity.VisualStudio.Editor", "Unity.VisualStudio.Editor.csproj", "{E5920F81-5E6D-6464-9F50-8C9A2DA9DA47}"
EndProject
Project("{FAE04EC0-301F-11D3-BF4B-00C04F79EFBC}") = "Unity.2D.Psdimporter.Editor", "Unity.2D.Psdimporter.Editor.csproj", "{50872E2D-4386-7A2C-3813-97201FA742E5}"
EndProject
Project("{FAE04EC0-301F-11D3-BF4B-00C04F79EFBC}") = "Unity.2D.Animation.Editor", "Unity.2D.Animation.Editor.csproj", "{B9D1B57C-CBC1-8435-4134-3F6BB48D6AE6}"
EndProject
Project("{FAE04EC0-301F-11D3-BF4B-00C04F79EFBC}") = "Unity.TextMeshPro.Editor", "Unity.TextMeshPro.Editor.csproj", "{E7FD5C94-81E9-1BE8-86EC-E8757D5577EA}"
EndProject
Project("{FAE04EC0-301F-11D3-BF4B-00C04F79EFBC}") = "Unity.2D.SpriteShape.Editor", "Unity.2D.SpriteShape.Editor.csproj", "{AFB263B8-3F99-983D-C2A4-0944173000B7}"
EndProject
Project("{FAE04EC0-301F-11D3-BF4B-00C04F79EFBC}") = "Unity.CollabProxy.Editor", "Unity.CollabProxy.Editor.csproj", "{ACE317C2-F3CE-DD3C-17BA-EF1DD15E207A}"
EndProject
Project("{FAE04EC0-301F-11D3-BF4B-00C04F79EFBC}") = "PsdPlugin", "PsdPlugin.csproj", "{A2299564-9B79-392F-091D-A15E1CE3C307}"
EndProject
Project("{FAE04EC0-301F-11D3-BF4B-00C04F79EFBC}") = "Unity.2D.Path.Editor", "Unity.2D.Path.Editor.csproj", "{6219AE9E-4DF6-8AE3-F35A-F39128D9E0C7}"
EndProject
Project("{FAE04EC0-301F-11D3-BF4B-00C04F79EFBC}") = "Unity.Rider.Editor", "Unity.Rider.Editor.csproj", "{4DD6C95F-B77E-DD72-B332-610A646EBAEC}"
EndProject
Project("{FAE04EC0-301F-11D3-BF4B-00C04F79EFBC}") = "Unity.2D.IK.Editor", "Unity.2D.IK.Editor.csproj", "{99EDEF56-C33E-48E2-F856-5265AE759283}"
EndProject
Project("{FAE04EC0-301F-11D3-BF4B-00C04F79EFBC}") = "Unity.2D.Sprite.Editor", "Unity.2D.Sprite.Editor.csproj", "{13E28CB3-E329-B224-D650-8E4FA84DE81A}"
EndProject
Project("{FAE04EC0-301F-11D3-BF4B-00C04F79EFBC}") = "Unity.2D.Tilemap.Editor", "Unity.2D.Tilemap.Editor.csproj", "{C87441E2-0E4D-7616-FFE2-90E7FB4EE94D}"
EndProject
Project("{FAE04EC0-301F-11D3-BF4B-00C04F79EFBC}") = "Unity.2D.PixelPerfect.Editor", "Unity.2D.PixelPerfect.Editor.csproj", "{236A6115-FBA5-5DD8-6131-216F50F78770}"
EndProject
Project("{FAE04EC0-301F-11D3-BF4B-00C04F79EFBC}") = "Unity.VSCode.Editor", "Unity.VSCode.Editor.csproj", "{949D9032-AE63-1ADE-194E-00FF1FA562B7}"
EndProject
Project("{FAE04EC0-301F-11D3-BF4B-00C04F79EFBC}") = "Unity.2D.Common.Editor", "Unity.2D.Common.Editor.csproj", "{CB6127AC-E915-3B13-A95D-43718D8C22F3}"
EndProject
Project("{FAE04EC0-301F-11D3-BF4B-00C04F79EFBC}") = "Unity.Mathematics.Editor", "Unity.Mathematics.Editor.csproj", "{828859F4-1913-BC24-2108-4EB5594FFBB3}"
EndProject
Project("{FAE04EC0-301F-11D3-BF4B-00C04F79EFBC}") = "Unity.InternalAPIEditorBridge.001", "Unity.InternalAPIEditorBridge.001.csproj", "{F4E9AFA0-0A73-4664-9979-F0851868C224}"
EndProject
Project("{FAE04EC0-301F-11D3-BF4B-00C04F79EFBC}") = "UnityEngine.UI", "UnityEngine.UI.Player.csproj", "{AAEB6655-8F34-44D3-556C-13DA8C324AC7}"
EndProject
Project("{FAE04EC0-301F-11D3-BF4B-00C04F79EFBC}") = "UnityEngine.TestRunner", "UnityEngine.TestRunner.Player.csproj", "{D32C0CB8-3B19-2A2F-77E3-9EB4F19C4F72}"
EndProject
Project("{FAE04EC0-301F-11D3-BF4B-00C04F79EFBC}") = "Unity.Mathematics", "Unity.Mathematics.Player.csproj", "{62A10A18-0CBE-5FDE-8EB1-BCAD0954DE65}"
EndProject
Project("{FAE04EC0-301F-11D3-BF4B-00C04F79EFBC}") = "Unity.2D.Animation.Triangle.Runtime", "Unity.2D.Animation.Triangle.Runtime.Player.csproj", "{8370FEF7-4E29-AB17-BD4F-6B81D854CBDC}"
EndProject
Project("{FAE04EC0-301F-11D3-BF4B-00C04F79EFBC}") = "Unity.Timeline", "Unity.Timeline.Player.csproj", "{FAA34AE6-0934-2C3D-9F10-CCAC41176FAD}"
EndProject
Project("{FAE04EC0-301F-11D3-BF4B-00C04F79EFBC}") = "Unity.TextMeshPro", "Unity.TextMeshPro.Player.csproj", "{35666CC6-1256-B8A3-3148-38BF331A7961}"
EndProject
Project("{FAE04EC0-301F-11D3-BF4B-00C04F79EFBC}") = "Unity.2D.Animation.Runtime", "Unity.2D.Animation.Runtime.Player.csproj", "{85415C1B-ADA3-00FD-AF6C-529FBE019023}"
EndProject
Project("{FAE04EC0-301F-11D3-BF4B-00C04F79EFBC}") = "Unity.2D.IK.Runtime", "Unity.2D.IK.Runtime.Player.csproj", "{5478F1E1-5B67-33A7-6453-C4CD0C5BD5A1}"
EndProject
Project("{FAE04EC0-301F-11D3-BF4B-00C04F79EFBC}") = "Unity.2D.SpriteShape.Runtime", "Unity.2D.SpriteShape.Runtime.Player.csproj", "{5D2C57A5-9E1E-9E75-CE30-1C8D31FE9E0D}"
EndProject
Project("{FAE04EC0-301F-11D3-BF4B-00C04F79EFBC}") = "Unity.2D.PixelPerfect", "Unity.2D.PixelPerfect.Player.csproj", "{ABE7C2F7-5922-252A-5C6C-5F1B4C5822AE}"
EndProject
Project("{FAE04EC0-301F-11D3-BF4B-00C04F79EFBC}") = "Unity.2D.Common.Runtime", "Unity.2D.Common.Runtime.Player.csproj", "{E917EBF0-9F80-5829-8139-6E510F9F90D8}"
EndProject
Project("{FAE04EC0-301F-11D3-BF4B-00C04F79EFBC}") = "Unity.InternalAPIEngineBridge.001", "Unity.InternalAPIEngineBridge.001.Player.csproj", "{1276D80C-9A3C-BEA2-5F5C-1B3DB6D83AA7}"
EndProject
Global
	GlobalSection(SolutionConfigurationPlatforms) = preSolution
		Debug|Any CPU = Debug|Any CPU
		Release|Any CPU = Release|Any CPU
	EndGlobalSection
	GlobalSection(ProjectConfigurationPlatforms) = postSolution
		{8E80B031-D492-B88D-4F68-2D426FBA5053}.Debug|Any CPU.ActiveCfg = Debug|Any CPU
		{8E80B031-D492-B88D-4F68-2D426FBA5053}.Debug|Any CPU.Build.0 = Debug|Any CPU
		{8E80B031-D492-B88D-4F68-2D426FBA5053}.Release|Any CPU.ActiveCfg = Release|Any CPU
		{8E80B031-D492-B88D-4F68-2D426FBA5053}.Release|Any CPU.Build.0 = Release|Any CPU
		{6F567617-270D-2401-C313-6C8D31BCC1E3}.Debug|Any CPU.ActiveCfg = Debug|Any CPU
		{6F567617-270D-2401-C313-6C8D31BCC1E3}.Debug|Any CPU.Build.0 = Debug|Any CPU
		{6F567617-270D-2401-C313-6C8D31BCC1E3}.Release|Any CPU.ActiveCfg = Release|Any CPU
		{6F567617-270D-2401-C313-6C8D31BCC1E3}.Release|Any CPU.Build.0 = Release|Any CPU
		{A1E8A5C0-1F45-17F2-F881-C1BD27FF412A}.Debug|Any CPU.ActiveCfg = Debug|Any CPU
		{A1E8A5C0-1F45-17F2-F881-C1BD27FF412A}.Debug|Any CPU.Build.0 = Debug|Any CPU
		{A1E8A5C0-1F45-17F2-F881-C1BD27FF412A}.Release|Any CPU.ActiveCfg = Release|Any CPU
		{A1E8A5C0-1F45-17F2-F881-C1BD27FF412A}.Release|Any CPU.Build.0 = Release|Any CPU
		{24247C84-C793-9F8D-68FC-462DEA395524}.Debug|Any CPU.ActiveCfg = Debug|Any CPU
		{24247C84-C793-9F8D-68FC-462DEA395524}.Debug|Any CPU.Build.0 = Debug|Any CPU
		{24247C84-C793-9F8D-68FC-462DEA395524}.Release|Any CPU.ActiveCfg = Release|Any CPU
		{24247C84-C793-9F8D-68FC-462DEA395524}.Release|Any CPU.Build.0 = Release|Any CPU
		{4C9220D1-CBDD-F28B-803F-76C377A010E7}.Debug|Any CPU.ActiveCfg = Debug|Any CPU
		{4C9220D1-CBDD-F28B-803F-76C377A010E7}.Debug|Any CPU.Build.0 = Debug|Any CPU
		{4C9220D1-CBDD-F28B-803F-76C377A010E7}.Release|Any CPU.ActiveCfg = Release|Any CPU
		{4C9220D1-CBDD-F28B-803F-76C377A010E7}.Release|Any CPU.Build.0 = Release|Any CPU
		{6C705FAE-8EA8-556B-880A-5E0DBD92145E}.Debug|Any CPU.ActiveCfg = Debug|Any CPU
		{6C705FAE-8EA8-556B-880A-5E0DBD92145E}.Debug|Any CPU.Build.0 = Debug|Any CPU
		{6C705FAE-8EA8-556B-880A-5E0DBD92145E}.Release|Any CPU.ActiveCfg = Release|Any CPU
		{6C705FAE-8EA8-556B-880A-5E0DBD92145E}.Release|Any CPU.Build.0 = Release|Any CPU
		{27ED300B-AF51-B2AE-D6BE-473D29077804}.Debug|Any CPU.ActiveCfg = Debug|Any CPU
		{27ED300B-AF51-B2AE-D6BE-473D29077804}.Debug|Any CPU.Build.0 = Debug|Any CPU
		{27ED300B-AF51-B2AE-D6BE-473D29077804}.Release|Any CPU.ActiveCfg = Release|Any CPU
		{27ED300B-AF51-B2AE-D6BE-473D29077804}.Release|Any CPU.Build.0 = Release|Any CPU
		{8FB4ECB2-79F4-16FD-29C7-4B2F43E2ABAD}.Debug|Any CPU.ActiveCfg = Debug|Any CPU
		{8FB4ECB2-79F4-16FD-29C7-4B2F43E2ABAD}.Debug|Any CPU.Build.0 = Debug|Any CPU
		{8FB4ECB2-79F4-16FD-29C7-4B2F43E2ABAD}.Release|Any CPU.ActiveCfg = Release|Any CPU
		{8FB4ECB2-79F4-16FD-29C7-4B2F43E2ABAD}.Release|Any CPU.Build.0 = Release|Any CPU
		{71DA4977-68AE-1E17-49A0-E0AB4FE009A6}.Debug|Any CPU.ActiveCfg = Debug|Any CPU
		{71DA4977-68AE-1E17-49A0-E0AB4FE009A6}.Debug|Any CPU.Build.0 = Debug|Any CPU
		{71DA4977-68AE-1E17-49A0-E0AB4FE009A6}.Release|Any CPU.ActiveCfg = Release|Any CPU
		{71DA4977-68AE-1E17-49A0-E0AB4FE009A6}.Release|Any CPU.Build.0 = Release|Any CPU
		{887AD15D-8B8C-7944-3568-BED1CD90117D}.Debug|Any CPU.ActiveCfg = Debug|Any CPU
		{887AD15D-8B8C-7944-3568-BED1CD90117D}.Debug|Any CPU.Build.0 = Debug|Any CPU
		{887AD15D-8B8C-7944-3568-BED1CD90117D}.Release|Any CPU.ActiveCfg = Release|Any CPU
		{887AD15D-8B8C-7944-3568-BED1CD90117D}.Release|Any CPU.Build.0 = Release|Any CPU
		{0D5DF186-E962-479A-3182-D8E954DF2E6D}.Debug|Any CPU.ActiveCfg = Debug|Any CPU
		{0D5DF186-E962-479A-3182-D8E954DF2E6D}.Debug|Any CPU.Build.0 = Debug|Any CPU
		{0D5DF186-E962-479A-3182-D8E954DF2E6D}.Release|Any CPU.ActiveCfg = Release|Any CPU
		{0D5DF186-E962-479A-3182-D8E954DF2E6D}.Release|Any CPU.Build.0 = Release|Any CPU
		{E4B181F4-52CD-30B7-3028-F29CFAB59BB8}.Debug|Any CPU.ActiveCfg = Debug|Any CPU
		{E4B181F4-52CD-30B7-3028-F29CFAB59BB8}.Debug|Any CPU.Build.0 = Debug|Any CPU
		{E4B181F4-52CD-30B7-3028-F29CFAB59BB8}.Release|Any CPU.ActiveCfg = Release|Any CPU
		{E4B181F4-52CD-30B7-3028-F29CFAB59BB8}.Release|Any CPU.Build.0 = Release|Any CPU
		{230A9165-6F67-F266-0A1E-B0C01C306F3A}.Debug|Any CPU.ActiveCfg = Debug|Any CPU
		{230A9165-6F67-F266-0A1E-B0C01C306F3A}.Debug|Any CPU.Build.0 = Debug|Any CPU
		{230A9165-6F67-F266-0A1E-B0C01C306F3A}.Release|Any CPU.ActiveCfg = Release|Any CPU
		{230A9165-6F67-F266-0A1E-B0C01C306F3A}.Release|Any CPU.Build.0 = Release|Any CPU
		{F385E5B4-F6B6-3EF1-9BC4-E2A0238C03D8}.Debug|Any CPU.ActiveCfg = Debug|Any CPU
		{F385E5B4-F6B6-3EF1-9BC4-E2A0238C03D8}.Debug|Any CPU.Build.0 = Debug|Any CPU
		{F385E5B4-F6B6-3EF1-9BC4-E2A0238C03D8}.Release|Any CPU.ActiveCfg = Release|Any CPU
		{F385E5B4-F6B6-3EF1-9BC4-E2A0238C03D8}.Release|Any CPU.Build.0 = Release|Any CPU
		{C155EAA6-6D9C-72F3-B1A4-DD460AA9D485}.Debug|Any CPU.ActiveCfg = Debug|Any CPU
		{C155EAA6-6D9C-72F3-B1A4-DD460AA9D485}.Debug|Any CPU.Build.0 = Debug|Any CPU
		{C155EAA6-6D9C-72F3-B1A4-DD460AA9D485}.Release|Any CPU.ActiveCfg = Release|Any CPU
		{C155EAA6-6D9C-72F3-B1A4-DD460AA9D485}.Release|Any CPU.Build.0 = Release|Any CPU
		{55469850-A050-D5AB-AB63-FC8D3C16442F}.Debug|Any CPU.ActiveCfg = Debug|Any CPU
		{55469850-A050-D5AB-AB63-FC8D3C16442F}.Debug|Any CPU.Build.0 = Debug|Any CPU
		{55469850-A050-D5AB-AB63-FC8D3C16442F}.Release|Any CPU.ActiveCfg = Release|Any CPU
		{55469850-A050-D5AB-AB63-FC8D3C16442F}.Release|Any CPU.Build.0 = Release|Any CPU
		{B706D10F-78A6-540C-30FA-7C63A6FB869F}.Debug|Any CPU.ActiveCfg = Debug|Any CPU
		{B706D10F-78A6-540C-30FA-7C63A6FB869F}.Debug|Any CPU.Build.0 = Debug|Any CPU
		{B706D10F-78A6-540C-30FA-7C63A6FB869F}.Release|Any CPU.ActiveCfg = Release|Any CPU
		{B706D10F-78A6-540C-30FA-7C63A6FB869F}.Release|Any CPU.Build.0 = Release|Any CPU
		{E5920F81-5E6D-6464-9F50-8C9A2DA9DA47}.Debug|Any CPU.ActiveCfg = Debug|Any CPU
		{E5920F81-5E6D-6464-9F50-8C9A2DA9DA47}.Debug|Any CPU.Build.0 = Debug|Any CPU
		{E5920F81-5E6D-6464-9F50-8C9A2DA9DA47}.Release|Any CPU.ActiveCfg = Release|Any CPU
		{E5920F81-5E6D-6464-9F50-8C9A2DA9DA47}.Release|Any CPU.Build.0 = Release|Any CPU
		{50872E2D-4386-7A2C-3813-97201FA742E5}.Debug|Any CPU.ActiveCfg = Debug|Any CPU
		{50872E2D-4386-7A2C-3813-97201FA742E5}.Debug|Any CPU.Build.0 = Debug|Any CPU
		{50872E2D-4386-7A2C-3813-97201FA742E5}.Release|Any CPU.ActiveCfg = Release|Any CPU
		{50872E2D-4386-7A2C-3813-97201FA742E5}.Release|Any CPU.Build.0 = Release|Any CPU
		{B9D1B57C-CBC1-8435-4134-3F6BB48D6AE6}.Debug|Any CPU.ActiveCfg = Debug|Any CPU
		{B9D1B57C-CBC1-8435-4134-3F6BB48D6AE6}.Debug|Any CPU.Build.0 = Debug|Any CPU
		{B9D1B57C-CBC1-8435-4134-3F6BB48D6AE6}.Release|Any CPU.ActiveCfg = Release|Any CPU
		{B9D1B57C-CBC1-8435-4134-3F6BB48D6AE6}.Release|Any CPU.Build.0 = Release|Any CPU
		{E7FD5C94-81E9-1BE8-86EC-E8757D5577EA}.Debug|Any CPU.ActiveCfg = Debug|Any CPU
		{E7FD5C94-81E9-1BE8-86EC-E8757D5577EA}.Debug|Any CPU.Build.0 = Debug|Any CPU
		{E7FD5C94-81E9-1BE8-86EC-E8757D5577EA}.Release|Any CPU.ActiveCfg = Release|Any CPU
		{E7FD5C94-81E9-1BE8-86EC-E8757D5577EA}.Release|Any CPU.Build.0 = Release|Any CPU
		{AFB263B8-3F99-983D-C2A4-0944173000B7}.Debug|Any CPU.ActiveCfg = Debug|Any CPU
		{AFB263B8-3F99-983D-C2A4-0944173000B7}.Debug|Any CPU.Build.0 = Debug|Any CPU
		{AFB263B8-3F99-983D-C2A4-0944173000B7}.Release|Any CPU.ActiveCfg = Release|Any CPU
		{AFB263B8-3F99-983D-C2A4-0944173000B7}.Release|Any CPU.Build.0 = Release|Any CPU
		{ACE317C2-F3CE-DD3C-17BA-EF1DD15E207A}.Debug|Any CPU.ActiveCfg = Debug|Any CPU
		{ACE317C2-F3CE-DD3C-17BA-EF1DD15E207A}.Debug|Any CPU.Build.0 = Debug|Any CPU
		{ACE317C2-F3CE-DD3C-17BA-EF1DD15E207A}.Release|Any CPU.ActiveCfg = Release|Any CPU
		{ACE317C2-F3CE-DD3C-17BA-EF1DD15E207A}.Release|Any CPU.Build.0 = Release|Any CPU
		{A2299564-9B79-392F-091D-A15E1CE3C307}.Debug|Any CPU.ActiveCfg = Debug|Any CPU
		{A2299564-9B79-392F-091D-A15E1CE3C307}.Debug|Any CPU.Build.0 = Debug|Any CPU
		{A2299564-9B79-392F-091D-A15E1CE3C307}.Release|Any CPU.ActiveCfg = Release|Any CPU
		{A2299564-9B79-392F-091D-A15E1CE3C307}.Release|Any CPU.Build.0 = Release|Any CPU
		{6219AE9E-4DF6-8AE3-F35A-F39128D9E0C7}.Debug|Any CPU.ActiveCfg = Debug|Any CPU
		{6219AE9E-4DF6-8AE3-F35A-F39128D9E0C7}.Debug|Any CPU.Build.0 = Debug|Any CPU
		{6219AE9E-4DF6-8AE3-F35A-F39128D9E0C7}.Release|Any CPU.ActiveCfg = Release|Any CPU
		{6219AE9E-4DF6-8AE3-F35A-F39128D9E0C7}.Release|Any CPU.Build.0 = Release|Any CPU
		{4DD6C95F-B77E-DD72-B332-610A646EBAEC}.Debug|Any CPU.ActiveCfg = Debug|Any CPU
		{4DD6C95F-B77E-DD72-B332-610A646EBAEC}.Debug|Any CPU.Build.0 = Debug|Any CPU
		{4DD6C95F-B77E-DD72-B332-610A646EBAEC}.Release|Any CPU.ActiveCfg = Release|Any CPU
		{4DD6C95F-B77E-DD72-B332-610A646EBAEC}.Release|Any CPU.Build.0 = Release|Any CPU
		{99EDEF56-C33E-48E2-F856-5265AE759283}.Debug|Any CPU.ActiveCfg = Debug|Any CPU
		{99EDEF56-C33E-48E2-F856-5265AE759283}.Debug|Any CPU.Build.0 = Debug|Any CPU
		{99EDEF56-C33E-48E2-F856-5265AE759283}.Release|Any CPU.ActiveCfg = Release|Any CPU
		{99EDEF56-C33E-48E2-F856-5265AE759283}.Release|Any CPU.Build.0 = Release|Any CPU
		{13E28CB3-E329-B224-D650-8E4FA84DE81A}.Debug|Any CPU.ActiveCfg = Debug|Any CPU
		{13E28CB3-E329-B224-D650-8E4FA84DE81A}.Debug|Any CPU.Build.0 = Debug|Any CPU
		{13E28CB3-E329-B224-D650-8E4FA84DE81A}.Release|Any CPU.ActiveCfg = Release|Any CPU
		{13E28CB3-E329-B224-D650-8E4FA84DE81A}.Release|Any CPU.Build.0 = Release|Any CPU
		{C87441E2-0E4D-7616-FFE2-90E7FB4EE94D}.Debug|Any CPU.ActiveCfg = Debug|Any CPU
		{C87441E2-0E4D-7616-FFE2-90E7FB4EE94D}.Debug|Any CPU.Build.0 = Debug|Any CPU
		{C87441E2-0E4D-7616-FFE2-90E7FB4EE94D}.Release|Any CPU.ActiveCfg = Release|Any CPU
		{C87441E2-0E4D-7616-FFE2-90E7FB4EE94D}.Release|Any CPU.Build.0 = Release|Any CPU
		{236A6115-FBA5-5DD8-6131-216F50F78770}.Debug|Any CPU.ActiveCfg = Debug|Any CPU
		{236A6115-FBA5-5DD8-6131-216F50F78770}.Debug|Any CPU.Build.0 = Debug|Any CPU
		{236A6115-FBA5-5DD8-6131-216F50F78770}.Release|Any CPU.ActiveCfg = Release|Any CPU
		{236A6115-FBA5-5DD8-6131-216F50F78770}.Release|Any CPU.Build.0 = Release|Any CPU
		{949D9032-AE63-1ADE-194E-00FF1FA562B7}.Debug|Any CPU.ActiveCfg = Debug|Any CPU
		{949D9032-AE63-1ADE-194E-00FF1FA562B7}.Debug|Any CPU.Build.0 = Debug|Any CPU
		{949D9032-AE63-1ADE-194E-00FF1FA562B7}.Release|Any CPU.ActiveCfg = Release|Any CPU
		{949D9032-AE63-1ADE-194E-00FF1FA562B7}.Release|Any CPU.Build.0 = Release|Any CPU
		{CB6127AC-E915-3B13-A95D-43718D8C22F3}.Debug|Any CPU.ActiveCfg = Debug|Any CPU
		{CB6127AC-E915-3B13-A95D-43718D8C22F3}.Debug|Any CPU.Build.0 = Debug|Any CPU
		{CB6127AC-E915-3B13-A95D-43718D8C22F3}.Release|Any CPU.ActiveCfg = Release|Any CPU
		{CB6127AC-E915-3B13-A95D-43718D8C22F3}.Release|Any CPU.Build.0 = Release|Any CPU
		{828859F4-1913-BC24-2108-4EB5594FFBB3}.Debug|Any CPU.ActiveCfg = Debug|Any CPU
		{828859F4-1913-BC24-2108-4EB5594FFBB3}.Debug|Any CPU.Build.0 = Debug|Any CPU
		{828859F4-1913-BC24-2108-4EB5594FFBB3}.Release|Any CPU.ActiveCfg = Release|Any CPU
		{828859F4-1913-BC24-2108-4EB5594FFBB3}.Release|Any CPU.Build.0 = Release|Any CPU
		{F4E9AFA0-0A73-4664-9979-F0851868C224}.Debug|Any CPU.ActiveCfg = Debug|Any CPU
		{F4E9AFA0-0A73-4664-9979-F0851868C224}.Debug|Any CPU.Build.0 = Debug|Any CPU
		{F4E9AFA0-0A73-4664-9979-F0851868C224}.Release|Any CPU.ActiveCfg = Release|Any CPU
		{F4E9AFA0-0A73-4664-9979-F0851868C224}.Release|Any CPU.Build.0 = Release|Any CPU
		{AAEB6655-8F34-44D3-556C-13DA8C324AC7}.Debug|Any CPU.ActiveCfg = Debug|Any CPU
		{AAEB6655-8F34-44D3-556C-13DA8C324AC7}.Debug|Any CPU.Build.0 = Debug|Any CPU
		{AAEB6655-8F34-44D3-556C-13DA8C324AC7}.Release|Any CPU.ActiveCfg = Release|Any CPU
		{AAEB6655-8F34-44D3-556C-13DA8C324AC7}.Release|Any CPU.Build.0 = Release|Any CPU
		{D32C0CB8-3B19-2A2F-77E3-9EB4F19C4F72}.Debug|Any CPU.ActiveCfg = Debug|Any CPU
		{D32C0CB8-3B19-2A2F-77E3-9EB4F19C4F72}.Debug|Any CPU.Build.0 = Debug|Any CPU
		{D32C0CB8-3B19-2A2F-77E3-9EB4F19C4F72}.Release|Any CPU.ActiveCfg = Release|Any CPU
		{D32C0CB8-3B19-2A2F-77E3-9EB4F19C4F72}.Release|Any CPU.Build.0 = Release|Any CPU
		{62A10A18-0CBE-5FDE-8EB1-BCAD0954DE65}.Debug|Any CPU.ActiveCfg = Debug|Any CPU
		{62A10A18-0CBE-5FDE-8EB1-BCAD0954DE65}.Debug|Any CPU.Build.0 = Debug|Any CPU
		{62A10A18-0CBE-5FDE-8EB1-BCAD0954DE65}.Release|Any CPU.ActiveCfg = Release|Any CPU
		{62A10A18-0CBE-5FDE-8EB1-BCAD0954DE65}.Release|Any CPU.Build.0 = Release|Any CPU
		{8370FEF7-4E29-AB17-BD4F-6B81D854CBDC}.Debug|Any CPU.ActiveCfg = Debug|Any CPU
		{8370FEF7-4E29-AB17-BD4F-6B81D854CBDC}.Debug|Any CPU.Build.0 = Debug|Any CPU
		{8370FEF7-4E29-AB17-BD4F-6B81D854CBDC}.Release|Any CPU.ActiveCfg = Release|Any CPU
		{8370FEF7-4E29-AB17-BD4F-6B81D854CBDC}.Release|Any CPU.Build.0 = Release|Any CPU
		{FAA34AE6-0934-2C3D-9F10-CCAC41176FAD}.Debug|Any CPU.ActiveCfg = Debug|Any CPU
		{FAA34AE6-0934-2C3D-9F10-CCAC41176FAD}.Debug|Any CPU.Build.0 = Debug|Any CPU
		{FAA34AE6-0934-2C3D-9F10-CCAC41176FAD}.Release|Any CPU.ActiveCfg = Release|Any CPU
		{FAA34AE6-0934-2C3D-9F10-CCAC41176FAD}.Release|Any CPU.Build.0 = Release|Any CPU
		{35666CC6-1256-B8A3-3148-38BF331A7961}.Debug|Any CPU.ActiveCfg = Debug|Any CPU
		{35666CC6-1256-B8A3-3148-38BF331A7961}.Debug|Any CPU.Build.0 = Debug|Any CPU
		{35666CC6-1256-B8A3-3148-38BF331A7961}.Release|Any CPU.ActiveCfg = Release|Any CPU
		{35666CC6-1256-B8A3-3148-38BF331A7961}.Release|Any CPU.Build.0 = Release|Any CPU
		{85415C1B-ADA3-00FD-AF6C-529FBE019023}.Debug|Any CPU.ActiveCfg = Debug|Any CPU
		{85415C1B-ADA3-00FD-AF6C-529FBE019023}.Debug|Any CPU.Build.0 = Debug|Any CPU
		{85415C1B-ADA3-00FD-AF6C-529FBE019023}.Release|Any CPU.ActiveCfg = Release|Any CPU
		{85415C1B-ADA3-00FD-AF6C-529FBE019023}.Release|Any CPU.Build.0 = Release|Any CPU
		{5478F1E1-5B67-33A7-6453-C4CD0C5BD5A1}.Debug|Any CPU.ActiveCfg = Debug|Any CPU
		{5478F1E1-5B67-33A7-6453-C4CD0C5BD5A1}.Debug|Any CPU.Build.0 = Debug|Any CPU
		{5478F1E1-5B67-33A7-6453-C4CD0C5BD5A1}.Release|Any CPU.ActiveCfg = Release|Any CPU
		{5478F1E1-5B67-33A7-6453-C4CD0C5BD5A1}.Release|Any CPU.Build.0 = Release|Any CPU
		{5D2C57A5-9E1E-9E75-CE30-1C8D31FE9E0D}.Debug|Any CPU.ActiveCfg = Debug|Any CPU
		{5D2C57A5-9E1E-9E75-CE30-1C8D31FE9E0D}.Debug|Any CPU.Build.0 = Debug|Any CPU
		{5D2C57A5-9E1E-9E75-CE30-1C8D31FE9E0D}.Release|Any CPU.ActiveCfg = Release|Any CPU
		{5D2C57A5-9E1E-9E75-CE30-1C8D31FE9E0D}.Release|Any CPU.Build.0 = Release|Any CPU
		{ABE7C2F7-5922-252A-5C6C-5F1B4C5822AE}.Debug|Any CPU.ActiveCfg = Debug|Any CPU
		{ABE7C2F7-5922-252A-5C6C-5F1B4C5822AE}.Debug|Any CPU.Build.0 = Debug|Any CPU
		{ABE7C2F7-5922-252A-5C6C-5F1B4C5822AE}.Release|Any CPU.ActiveCfg = Release|Any CPU
		{ABE7C2F7-5922-252A-5C6C-5F1B4C5822AE}.Release|Any CPU.Build.0 = Release|Any CPU
		{E917EBF0-9F80-5829-8139-6E510F9F90D8}.Debug|Any CPU.ActiveCfg = Debug|Any CPU
		{E917EBF0-9F80-5829-8139-6E510F9F90D8}.Debug|Any CPU.Build.0 = Debug|Any CPU
		{E917EBF0-9F80-5829-8139-6E510F9F90D8}.Release|Any CPU.ActiveCfg = Release|Any CPU
		{E917EBF0-9F80-5829-8139-6E510F9F90D8}.Release|Any CPU.Build.0 = Release|Any CPU
		{1276D80C-9A3C-BEA2-5F5C-1B3DB6D83AA7}.Debug|Any CPU.ActiveCfg = Debug|Any CPU
		{1276D80C-9A3C-BEA2-5F5C-1B3DB6D83AA7}.Debug|Any CPU.Build.0 = Debug|Any CPU
		{1276D80C-9A3C-BEA2-5F5C-1B3DB6D83AA7}.Release|Any CPU.ActiveCfg = Release|Any CPU
		{1276D80C-9A3C-BEA2-5F5C-1B3DB6D83AA7}.Release|Any CPU.Build.0 = Release|Any CPU
	EndGlobalSection
	GlobalSection(SolutionProperties) = preSolution
		HideSolutionNode = FALSE
	EndGlobalSection
EndGlobal
